
Microsoft Visual Studio Solution File, Format Version 12.00
# Visual Studio 15
VisualStudioVersion = 15.0.26730.12
MinimumVisualStudioVersion = 10.0.40219.1
Project("{9A19103F-16F7-4668-BE54-9A1E7A4F7556}") = "crypto", "crypto.csproj", "{C7BF3A49-29BE-42A1-BC9A-6B718CECF0C7}"
EndProject
Project("{FAE04EC0-301F-11D3-BF4B-00C04F79EFBC}") = "Crypto.Poloneix.API", "..\Crypto.Poloneix.API\Crypto.Poloneix.API.csproj", "{83297F9A-BE00-4C8C-96C7-2D6A4B524092}"
EndProject
Project("{FAE04EC0-301F-11D3-BF4B-00C04F79EFBC}") = "Crypto.Poloneix.Test", "..\Crypto.Poloneix.Test\Crypto.Poloneix.Test.csproj", "{42A5B0EA-80F0-4E0D-82C2-8C276028F802}"
EndProject
Global
	GlobalSection(SolutionConfigurationPlatforms) = preSolution
		Debug|Any CPU = Debug|Any CPU
		Release|Any CPU = Release|Any CPU
	EndGlobalSection
	GlobalSection(ProjectConfigurationPlatforms) = postSolution
		{C7BF3A49-29BE-42A1-BC9A-6B718CECF0C7}.Debug|Any CPU.ActiveCfg = Debug|Any CPU
		{C7BF3A49-29BE-42A1-BC9A-6B718CECF0C7}.Debug|Any CPU.Build.0 = Debug|Any CPU
		{C7BF3A49-29BE-42A1-BC9A-6B718CECF0C7}.Release|Any CPU.ActiveCfg = Release|Any CPU
		{C7BF3A49-29BE-42A1-BC9A-6B718CECF0C7}.Release|Any CPU.Build.0 = Release|Any CPU
		{83297F9A-BE00-4C8C-96C7-2D6A4B524092}.Debug|Any CPU.ActiveCfg = Debug|Any CPU
		{83297F9A-BE00-4C8C-96C7-2D6A4B524092}.Debug|Any CPU.Build.0 = Debug|Any CPU
		{83297F9A-BE00-4C8C-96C7-2D6A4B524092}.Release|Any CPU.ActiveCfg = Release|Any CPU
		{83297F9A-BE00-4C8C-96C7-2D6A4B524092}.Release|Any CPU.Build.0 = Release|Any CPU
		{42A5B0EA-80F0-4E0D-82C2-8C276028F802}.Debug|Any CPU.ActiveCfg = Debug|Any CPU
		{42A5B0EA-80F0-4E0D-82C2-8C276028F802}.Debug|Any CPU.Build.0 = Debug|Any CPU
		{42A5B0EA-80F0-4E0D-82C2-8C276028F802}.Release|Any CPU.ActiveCfg = Release|Any CPU
		{42A5B0EA-80F0-4E0D-82C2-8C276028F802}.Release|Any CPU.Build.0 = Release|Any CPU
	EndGlobalSection
	GlobalSection(SolutionProperties) = preSolution
		HideSolutionNode = FALSE
	EndGlobalSection
	GlobalSection(ExtensibilityGlobals) = postSolution
		SolutionGuid = {0794BB99-B595-4DC0-BAED-A81199C0ECEA}
	EndGlobalSection
EndGlobal
